
Microsoft Visual Studio Solution File, Format Version 12.00
# Visual Studio Version 17
VisualStudioVersion = 17.4.33213.308
MinimumVisualStudioVersion = 10.0.40219.1
Project("{FAE04EC0-301F-11D3-BF4B-00C04F79EFBC}") = "Karty Przeciwko Ludzkości", "Karty Przeciwko Ludzkości\Karty Przeciwko Ludzkości.csproj", "{B31F8CB5-08F4-4EC9-9FC3-EF7E786AE368}"
EndProject
Project("{9A19103F-16F7-4668-BE54-9A1E7A4F7556}") = "Karty Przeciwko Ludzkości Server", "Karty Przeciwko Ludzkości Server\Karty Przeciwko Ludzkości Server.csproj", "{CB0D71DD-15FA-4881-BDD3-F488CB6B867C}"
EndProject
Project("{9A19103F-16F7-4668-BE54-9A1E7A4F7556}") = "temporaryClientTest", "temporaryClientTest\temporaryClientTest.csproj", "{08670AA0-9AA5-41AD-A0D8-D62891D33B92}"
EndProject
Project("{C7167F0D-BC9F-4E6E-AFE1-012C56B48DB5}") = "KartyInstaller", "KartyInstaller\KartyInstaller.wapproj", "{455711C0-A9B7-453A-BD0D-1AC13638AB01}"
EndProject
Global
	GlobalSection(SolutionConfigurationPlatforms) = preSolution
		Debug|Any CPU = Debug|Any CPU
		Debug|ARM = Debug|ARM
		Debug|ARM64 = Debug|ARM64
		Debug|x64 = Debug|x64
		Debug|x86 = Debug|x86
		Release|Any CPU = Release|Any CPU
		Release|ARM = Release|ARM
		Release|ARM64 = Release|ARM64
		Release|x64 = Release|x64
		Release|x86 = Release|x86
	EndGlobalSection
	GlobalSection(ProjectConfigurationPlatforms) = postSolution
		{B31F8CB5-08F4-4EC9-9FC3-EF7E786AE368}.Debug|Any CPU.ActiveCfg = Debug|x64
		{B31F8CB5-08F4-4EC9-9FC3-EF7E786AE368}.Debug|Any CPU.Build.0 = Debug|x64
		{B31F8CB5-08F4-4EC9-9FC3-EF7E786AE368}.Debug|Any CPU.Deploy.0 = Debug|x64
		{B31F8CB5-08F4-4EC9-9FC3-EF7E786AE368}.Debug|ARM.ActiveCfg = Debug|ARM
		{B31F8CB5-08F4-4EC9-9FC3-EF7E786AE368}.Debug|ARM.Build.0 = Debug|ARM
		{B31F8CB5-08F4-4EC9-9FC3-EF7E786AE368}.Debug|ARM.Deploy.0 = Debug|ARM
		{B31F8CB5-08F4-4EC9-9FC3-EF7E786AE368}.Debug|ARM64.ActiveCfg = Debug|ARM64
		{B31F8CB5-08F4-4EC9-9FC3-EF7E786AE368}.Debug|ARM64.Build.0 = Debug|ARM64
		{B31F8CB5-08F4-4EC9-9FC3-EF7E786AE368}.Debug|ARM64.Deploy.0 = Debug|ARM64
		{B31F8CB5-08F4-4EC9-9FC3-EF7E786AE368}.Debug|x64.ActiveCfg = Debug|x64
		{B31F8CB5-08F4-4EC9-9FC3-EF7E786AE368}.Debug|x64.Build.0 = Debug|x64
		{B31F8CB5-08F4-4EC9-9FC3-EF7E786AE368}.Debug|x64.Deploy.0 = Debug|x64
		{B31F8CB5-08F4-4EC9-9FC3-EF7E786AE368}.Debug|x86.ActiveCfg = Debug|x86
		{B31F8CB5-08F4-4EC9-9FC3-EF7E786AE368}.Debug|x86.Build.0 = Debug|x86
		{B31F8CB5-08F4-4EC9-9FC3-EF7E786AE368}.Debug|x86.Deploy.0 = Debug|x86
		{B31F8CB5-08F4-4EC9-9FC3-EF7E786AE368}.Release|Any CPU.ActiveCfg = Release|x64
		{B31F8CB5-08F4-4EC9-9FC3-EF7E786AE368}.Release|Any CPU.Build.0 = Release|x64
		{B31F8CB5-08F4-4EC9-9FC3-EF7E786AE368}.Release|Any CPU.Deploy.0 = Release|x64
		{B31F8CB5-08F4-4EC9-9FC3-EF7E786AE368}.Release|ARM.ActiveCfg = Release|ARM
		{B31F8CB5-08F4-4EC9-9FC3-EF7E786AE368}.Release|ARM.Build.0 = Release|ARM
		{B31F8CB5-08F4-4EC9-9FC3-EF7E786AE368}.Release|ARM.Deploy.0 = Release|ARM
		{B31F8CB5-08F4-4EC9-9FC3-EF7E786AE368}.Release|ARM64.ActiveCfg = Release|ARM64
		{B31F8CB5-08F4-4EC9-9FC3-EF7E786AE368}.Release|ARM64.Build.0 = Release|ARM64
		{B31F8CB5-08F4-4EC9-9FC3-EF7E786AE368}.Release|ARM64.Deploy.0 = Release|ARM64
		{B31F8CB5-08F4-4EC9-9FC3-EF7E786AE368}.Release|x64.ActiveCfg = Release|x64
		{B31F8CB5-08F4-4EC9-9FC3-EF7E786AE368}.Release|x64.Build.0 = Release|x64
		{B31F8CB5-08F4-4EC9-9FC3-EF7E786AE368}.Release|x64.Deploy.0 = Release|x64
		{B31F8CB5-08F4-4EC9-9FC3-EF7E786AE368}.Release|x86.ActiveCfg = Release|x86
		{B31F8CB5-08F4-4EC9-9FC3-EF7E786AE368}.Release|x86.Build.0 = Release|x86
		{B31F8CB5-08F4-4EC9-9FC3-EF7E786AE368}.Release|x86.Deploy.0 = Release|x86
		{CB0D71DD-15FA-4881-BDD3-F488CB6B867C}.Debug|Any CPU.ActiveCfg = Debug|Any CPU
		{CB0D71DD-15FA-4881-BDD3-F488CB6B867C}.Debug|Any CPU.Build.0 = Debug|Any CPU
		{CB0D71DD-15FA-4881-BDD3-F488CB6B867C}.Debug|ARM.ActiveCfg = Debug|Any CPU
		{CB0D71DD-15FA-4881-BDD3-F488CB6B867C}.Debug|ARM.Build.0 = Debug|Any CPU
		{CB0D71DD-15FA-4881-BDD3-F488CB6B867C}.Debug|ARM64.ActiveCfg = Debug|Any CPU
		{CB0D71DD-15FA-4881-BDD3-F488CB6B867C}.Debug|ARM64.Build.0 = Debug|Any CPU
		{CB0D71DD-15FA-4881-BDD3-F488CB6B867C}.Debug|x64.ActiveCfg = Debug|Any CPU
		{CB0D71DD-15FA-4881-BDD3-F488CB6B867C}.Debug|x64.Build.0 = Debug|Any CPU
		{CB0D71DD-15FA-4881-BDD3-F488CB6B867C}.Debug|x86.ActiveCfg = Debug|Any CPU
		{CB0D71DD-15FA-4881-BDD3-F488CB6B867C}.Debug|x86.Build.0 = Debug|Any CPU
		{CB0D71DD-15FA-4881-BDD3-F488CB6B867C}.Release|Any CPU.ActiveCfg = Release|Any CPU
		{CB0D71DD-15FA-4881-BDD3-F488CB6B867C}.Release|Any CPU.Build.0 = Release|Any CPU
		{CB0D71DD-15FA-4881-BDD3-F488CB6B867C}.Release|ARM.ActiveCfg = Release|Any CPU
		{CB0D71DD-15FA-4881-BDD3-F488CB6B867C}.Release|ARM.Build.0 = Release|Any CPU
		{CB0D71DD-15FA-4881-BDD3-F488CB6B867C}.Release|ARM64.ActiveCfg = Release|Any CPU
		{CB0D71DD-15FA-4881-BDD3-F488CB6B867C}.Release|ARM64.Build.0 = Release|Any CPU
		{CB0D71DD-15FA-4881-BDD3-F488CB6B867C}.Release|x64.ActiveCfg = Release|Any CPU
		{CB0D71DD-15FA-4881-BDD3-F488CB6B867C}.Release|x64.Build.0 = Release|Any CPU
		{CB0D71DD-15FA-4881-BDD3-F488CB6B867C}.Release|x86.ActiveCfg = Release|Any CPU
		{CB0D71DD-15FA-4881-BDD3-F488CB6B867C}.Release|x86.Build.0 = Release|Any CPU
		{08670AA0-9AA5-41AD-A0D8-D62891D33B92}.Debug|Any CPU.ActiveCfg = Debug|Any CPU
		{08670AA0-9AA5-41AD-A0D8-D62891D33B92}.Debug|Any CPU.Build.0 = Debug|Any CPU
		{08670AA0-9AA5-41AD-A0D8-D62891D33B92}.Debug|ARM.ActiveCfg = Debug|Any CPU
		{08670AA0-9AA5-41AD-A0D8-D62891D33B92}.Debug|ARM.Build.0 = Debug|Any CPU
		{08670AA0-9AA5-41AD-A0D8-D62891D33B92}.Debug|ARM64.ActiveCfg = Debug|Any CPU
		{08670AA0-9AA5-41AD-A0D8-D62891D33B92}.Debug|ARM64.Build.0 = Debug|Any CPU
		{08670AA0-9AA5-41AD-A0D8-D62891D33B92}.Debug|x64.ActiveCfg = Debug|Any CPU
		{08670AA0-9AA5-41AD-A0D8-D62891D33B92}.Debug|x64.Build.0 = Debug|Any CPU
		{08670AA0-9AA5-41AD-A0D8-D62891D33B92}.Debug|x86.ActiveCfg = Debug|Any CPU
		{08670AA0-9AA5-41AD-A0D8-D62891D33B92}.Debug|x86.Build.0 = Debug|Any CPU
		{08670AA0-9AA5-41AD-A0D8-D62891D33B92}.Release|Any CPU.ActiveCfg = Release|Any CPU
		{08670AA0-9AA5-41AD-A0D8-D62891D33B92}.Release|Any CPU.Build.0 = Release|Any CPU
		{08670AA0-9AA5-41AD-A0D8-D62891D33B92}.Release|ARM.ActiveCfg = Release|Any CPU
		{08670AA0-9AA5-41AD-A0D8-D62891D33B92}.Release|ARM.Build.0 = Release|Any CPU
		{08670AA0-9AA5-41AD-A0D8-D62891D33B92}.Release|ARM64.ActiveCfg = Release|Any CPU
		{08670AA0-9AA5-41AD-A0D8-D62891D33B92}.Release|ARM64.Build.0 = Release|Any CPU
		{08670AA0-9AA5-41AD-A0D8-D62891D33B92}.Release|x64.ActiveCfg = Release|Any CPU
		{08670AA0-9AA5-41AD-A0D8-D62891D33B92}.Release|x64.Build.0 = Release|Any CPU
		{08670AA0-9AA5-41AD-A0D8-D62891D33B92}.Release|x86.ActiveCfg = Release|Any CPU
		{08670AA0-9AA5-41AD-A0D8-D62891D33B92}.Release|x86.Build.0 = Release|Any CPU
		{455711C0-A9B7-453A-BD0D-1AC13638AB01}.Debug|Any CPU.ActiveCfg = Debug|Any CPU
		{455711C0-A9B7-453A-BD0D-1AC13638AB01}.Debug|Any CPU.Build.0 = Debug|Any CPU
		{455711C0-A9B7-453A-BD0D-1AC13638AB01}.Debug|Any CPU.Deploy.0 = Debug|Any CPU
		{455711C0-A9B7-453A-BD0D-1AC13638AB01}.Debug|ARM.ActiveCfg = Debug|ARM
		{455711C0-A9B7-453A-BD0D-1AC13638AB01}.Debug|ARM.Build.0 = Debug|ARM
		{455711C0-A9B7-453A-BD0D-1AC13638AB01}.Debug|ARM.Deploy.0 = Debug|ARM
		{455711C0-A9B7-453A-BD0D-1AC13638AB01}.Debug|ARM64.ActiveCfg = Debug|ARM64
		{455711C0-A9B7-453A-BD0D-1AC13638AB01}.Debug|ARM64.Build.0 = Debug|ARM64
		{455711C0-A9B7-453A-BD0D-1AC13638AB01}.Debug|ARM64.Deploy.0 = Debug|ARM64
		{455711C0-A9B7-453A-BD0D-1AC13638AB01}.Debug|x64.ActiveCfg = Debug|x64
		{455711C0-A9B7-453A-BD0D-1AC13638AB01}.Debug|x64.Build.0 = Debug|x64
		{455711C0-A9B7-453A-BD0D-1AC13638AB01}.Debug|x64.Deploy.0 = Debug|x64
		{455711C0-A9B7-453A-BD0D-1AC13638AB01}.Debug|x86.ActiveCfg = Debug|x86
		{455711C0-A9B7-453A-BD0D-1AC13638AB01}.Debug|x86.Build.0 = Debug|x86
		{455711C0-A9B7-453A-BD0D-1AC13638AB01}.Debug|x86.Deploy.0 = Debug|x86
		{455711C0-A9B7-453A-BD0D-1AC13638AB01}.Release|Any CPU.ActiveCfg = Release|Any CPU
		{455711C0-A9B7-453A-BD0D-1AC13638AB01}.Release|Any CPU.Build.0 = Release|Any CPU
		{455711C0-A9B7-453A-BD0D-1AC13638AB01}.Release|Any CPU.Deploy.0 = Release|Any CPU
		{455711C0-A9B7-453A-BD0D-1AC13638AB01}.Release|ARM.ActiveCfg = Release|ARM
		{455711C0-A9B7-453A-BD0D-1AC13638AB01}.Release|ARM.Build.0 = Release|ARM
		{455711C0-A9B7-453A-BD0D-1AC13638AB01}.Release|ARM.Deploy.0 = Release|ARM
		{455711C0-A9B7-453A-BD0D-1AC13638AB01}.Release|ARM64.ActiveCfg = Release|ARM64
		{455711C0-A9B7-453A-BD0D-1AC13638AB01}.Release|ARM64.Build.0 = Release|ARM64
		{455711C0-A9B7-453A-BD0D-1AC13638AB01}.Release|ARM64.Deploy.0 = Release|ARM64
		{455711C0-A9B7-453A-BD0D-1AC13638AB01}.Release|x64.ActiveCfg = Release|x64
		{455711C0-A9B7-453A-BD0D-1AC13638AB01}.Release|x64.Build.0 = Release|x64
		{455711C0-A9B7-453A-BD0D-1AC13638AB01}.Release|x64.Deploy.0 = Release|x64
		{455711C0-A9B7-453A-BD0D-1AC13638AB01}.Release|x86.ActiveCfg = Release|x86
		{455711C0-A9B7-453A-BD0D-1AC13638AB01}.Release|x86.Build.0 = Release|x86
		{455711C0-A9B7-453A-BD0D-1AC13638AB01}.Release|x86.Deploy.0 = Release|x86
	EndGlobalSection
	GlobalSection(SolutionProperties) = preSolution
		HideSolutionNode = FALSE
	EndGlobalSection
	GlobalSection(ExtensibilityGlobals) = postSolution
		SolutionGuid = {E1AFE410-59C6-4F7E-A867-5EE2768E9E99}
	EndGlobalSection
EndGlobal
